
Microsoft Visual Studio Solution File, Format Version 12.00
# Visual Studio Version 17
VisualStudioVersion = 17.8.34330.188
MinimumVisualStudioVersion = 10.0.40219.1
Project("{FAE04EC0-301F-11D3-BF4B-00C04F79EFBC}") = "appWeb", "appWeb\appWeb\appWeb.csproj", "{0FBEE8D4-E9CA-43C6-84F2-6EB8A9F934E2}"
EndProject
Project("{FAE04EC0-301F-11D3-BF4B-00C04F79EFBC}") = "appWeb.Client", "appWeb\appWeb.Client\appWeb.Client.csproj", "{D1E34C73-D554-42AA-AD4C-6A2AFF94FD06}"
EndProject
Global
	GlobalSection(SolutionConfigurationPlatforms) = preSolution
		Debug|Any CPU = Debug|Any CPU
		Release|Any CPU = Release|Any CPU
	EndGlobalSection
	GlobalSection(ProjectConfigurationPlatforms) = postSolution
		{0FBEE8D4-E9CA-43C6-84F2-6EB8A9F934E2}.Debug|Any CPU.ActiveCfg = Debug|Any CPU
		{0FBEE8D4-E9CA-43C6-84F2-6EB8A9F934E2}.Debug|Any CPU.Build.0 = Debug|Any CPU
		{0FBEE8D4-E9CA-43C6-84F2-6EB8A9F934E2}.Release|Any CPU.ActiveCfg = Release|Any CPU
		{0FBEE8D4-E9CA-43C6-84F2-6EB8A9F934E2}.Release|Any CPU.Build.0 = Release|Any CPU
		{D1E34C73-D554-42AA-AD4C-6A2AFF94FD06}.Debug|Any CPU.ActiveCfg = Debug|Any CPU
		{D1E34C73-D554-42AA-AD4C-6A2AFF94FD06}.Debug|Any CPU.Build.0 = Debug|Any CPU
		{D1E34C73-D554-42AA-AD4C-6A2AFF94FD06}.Release|Any CPU.ActiveCfg = Release|Any CPU
		{D1E34C73-D554-42AA-AD4C-6A2AFF94FD06}.Release|Any CPU.Build.0 = Release|Any CPU
	EndGlobalSection
	GlobalSection(SolutionProperties) = preSolution
		HideSolutionNode = FALSE
	EndGlobalSection
	GlobalSection(ExtensibilityGlobals) = postSolution
		SolutionGuid = {50833D6B-C365-46AB-A4FB-D1EB88A9A634}
	EndGlobalSection
EndGlobal
